
Microsoft Visual Studio Solution File, Format Version 12.00
# Visual Studio 15
VisualStudioVersion = 15.0.27703.2047
MinimumVisualStudioVersion = 10.0.40219.1
Project("{FAE04EC0-301F-11D3-BF4B-00C04F79EFBC}") = "WebApiSample", "WebApiSample\WebApiSample.csproj", "{26B00EDF-4D22-4A30-AD22-79B08764451B}"
EndProject
Global
	GlobalSection(SolutionConfigurationPlatforms) = preSolution
		Debug|Any CPU = Debug|Any CPU
		Release|Any CPU = Release|Any CPU
	EndGlobalSection
	GlobalSection(ProjectConfigurationPlatforms) = postSolution
		{26B00EDF-4D22-4A30-AD22-79B08764451B}.Debug|Any CPU.ActiveCfg = Debug|Any CPU
		{26B00EDF-4D22-4A30-AD22-79B08764451B}.Debug|Any CPU.Build.0 = Debug|Any CPU
		{26B00EDF-4D22-4A30-AD22-79B08764451B}.Release|Any CPU.ActiveCfg = Release|Any CPU
		{26B00EDF-4D22-4A30-AD22-79B08764451B}.Release|Any CPU.Build.0 = Release|Any CPU
	EndGlobalSection
	GlobalSection(SolutionProperties) = preSolution
		HideSolutionNode = FALSE
	EndGlobalSection
	GlobalSection(ExtensibilityGlobals) = postSolution
		SolutionGuid = {D26B0282-CD91-455E-9009-3F1584B6085C}
	EndGlobalSection
EndGlobal
